
Microsoft Visual Studio Solution File, Format Version 12.00
# Visual Studio Version 17
VisualStudioVersion = 17.5.33414.496
MinimumVisualStudioVersion = 10.0.40219.1
Project("{FAE04EC0-301F-11D3-BF4B-00C04F79EFBC}") = "01. Binary Search", "01. Binary Search\01. Binary Search.csproj", "{8DE034BE-2139-48B4-AA69-910FF6857873}"
EndProject
Global
	GlobalSection(SolutionConfigurationPlatforms) = preSolution
		Debug|Any CPU = Debug|Any CPU
		Release|Any CPU = Release|Any CPU
	EndGlobalSection
	GlobalSection(ProjectConfigurationPlatforms) = postSolution
		{8DE034BE-2139-48B4-AA69-910FF6857873}.Debug|Any CPU.ActiveCfg = Debug|Any CPU
		{8DE034BE-2139-48B4-AA69-910FF6857873}.Debug|Any CPU.Build.0 = Debug|Any CPU
		{8DE034BE-2139-48B4-AA69-910FF6857873}.Release|Any CPU.ActiveCfg = Release|Any CPU
		{8DE034BE-2139-48B4-AA69-910FF6857873}.Release|Any CPU.Build.0 = Release|Any CPU
	EndGlobalSection
	GlobalSection(SolutionProperties) = preSolution
		HideSolutionNode = FALSE
	EndGlobalSection
	GlobalSection(ExtensibilityGlobals) = postSolution
		SolutionGuid = {A74917A4-127D-47D4-AFFD-66A12B9F2A38}
	EndGlobalSection
EndGlobal
