
Microsoft Visual Studio Solution File, Format Version 12.00
# Visual Studio Version 17
VisualStudioVersion = 17.5.33414.496
MinimumVisualStudioVersion = 10.0.40219.1
Project("{FAE04EC0-301F-11D3-BF4B-00C04F79EFBC}") = "Demo", "01. Two Minutes to Midnight\Demo.csproj", "{A38FB16E-8F07-4D33-A1B0-BD6F720E01C2}"
EndProject
Global
	GlobalSection(SolutionConfigurationPlatforms) = preSolution
		Debug|Any CPU = Debug|Any CPU
		Release|Any CPU = Release|Any CPU
	EndGlobalSection
	GlobalSection(ProjectConfigurationPlatforms) = postSolution
		{A38FB16E-8F07-4D33-A1B0-BD6F720E01C2}.Debug|Any CPU.ActiveCfg = Debug|Any CPU
		{A38FB16E-8F07-4D33-A1B0-BD6F720E01C2}.Debug|Any CPU.Build.0 = Debug|Any CPU
		{A38FB16E-8F07-4D33-A1B0-BD6F720E01C2}.Release|Any CPU.ActiveCfg = Release|Any CPU
		{A38FB16E-8F07-4D33-A1B0-BD6F720E01C2}.Release|Any CPU.Build.0 = Release|Any CPU
	EndGlobalSection
	GlobalSection(SolutionProperties) = preSolution
		HideSolutionNode = FALSE
	EndGlobalSection
	GlobalSection(ExtensibilityGlobals) = postSolution
		SolutionGuid = {B4878BF7-DFB0-4134-AB5C-11A91C2E1796}
	EndGlobalSection
EndGlobal
