
Microsoft Visual Studio Solution File, Format Version 12.00
# Visual Studio Version 17
VisualStudioVersion = 17.5.33414.496
MinimumVisualStudioVersion = 10.0.40219.1
Project("{FAE04EC0-301F-11D3-BF4B-00C04F79EFBC}") = "01. Distance Between Vertices", "01. Distance Between Vertices\01. Distance Between Vertices.csproj", "{68C3E401-7ACF-4BC1-AC3B-78B7679DCA7B}"
EndProject
Project("{FAE04EC0-301F-11D3-BF4B-00C04F79EFBC}") = "02. Areas in Matrix", "02. Areas in Matrix\02. Areas in Matrix.csproj", "{0FB69762-83F2-4B90-8BF5-524ECBB27B64}"
EndProject
Project("{FAE04EC0-301F-11D3-BF4B-00C04F79EFBC}") = "03 .Cycles in a Graph", "03.Cycles in a Graph\03 .Cycles in a Graph.csproj", "{3058908A-B956-4A73-BDF0-E4CAFA6AA2FC}"
EndProject
Global
	GlobalSection(SolutionConfigurationPlatforms) = preSolution
		Debug|Any CPU = Debug|Any CPU
		Release|Any CPU = Release|Any CPU
	EndGlobalSection
	GlobalSection(ProjectConfigurationPlatforms) = postSolution
		{68C3E401-7ACF-4BC1-AC3B-78B7679DCA7B}.Debug|Any CPU.ActiveCfg = Debug|Any CPU
		{68C3E401-7ACF-4BC1-AC3B-78B7679DCA7B}.Debug|Any CPU.Build.0 = Debug|Any CPU
		{68C3E401-7ACF-4BC1-AC3B-78B7679DCA7B}.Release|Any CPU.ActiveCfg = Release|Any CPU
		{68C3E401-7ACF-4BC1-AC3B-78B7679DCA7B}.Release|Any CPU.Build.0 = Release|Any CPU
		{0FB69762-83F2-4B90-8BF5-524ECBB27B64}.Debug|Any CPU.ActiveCfg = Debug|Any CPU
		{0FB69762-83F2-4B90-8BF5-524ECBB27B64}.Debug|Any CPU.Build.0 = Debug|Any CPU
		{0FB69762-83F2-4B90-8BF5-524ECBB27B64}.Release|Any CPU.ActiveCfg = Release|Any CPU
		{0FB69762-83F2-4B90-8BF5-524ECBB27B64}.Release|Any CPU.Build.0 = Release|Any CPU
		{3058908A-B956-4A73-BDF0-E4CAFA6AA2FC}.Debug|Any CPU.ActiveCfg = Debug|Any CPU
		{3058908A-B956-4A73-BDF0-E4CAFA6AA2FC}.Debug|Any CPU.Build.0 = Debug|Any CPU
		{3058908A-B956-4A73-BDF0-E4CAFA6AA2FC}.Release|Any CPU.ActiveCfg = Release|Any CPU
		{3058908A-B956-4A73-BDF0-E4CAFA6AA2FC}.Release|Any CPU.Build.0 = Release|Any CPU
	EndGlobalSection
	GlobalSection(SolutionProperties) = preSolution
		HideSolutionNode = FALSE
	EndGlobalSection
	GlobalSection(ExtensibilityGlobals) = postSolution
		SolutionGuid = {1A7817BD-4499-4FB7-921C-A5E66918A18C}
	EndGlobalSection
EndGlobal
