
Microsoft Visual Studio Solution File, Format Version 12.00
# Visual Studio Version 17
VisualStudioVersion = 17.5.33414.496
MinimumVisualStudioVersion = 10.0.40219.1
Project("{9A19103F-16F7-4668-BE54-9A1E7A4F7556}") = "01. Permutations without Repetition", "01. Permutations without Repetition\01. Permutations without Repetition.csproj", "{F8C9228E-401E-4534-8126-BEF3F2405A56}"
EndProject
Project("{FAE04EC0-301F-11D3-BF4B-00C04F79EFBC}") = "02. Permutations with Repetition", "02. Permutations with Repetition\02. Permutations with Repetition.csproj", "{24259C4A-BC4B-4800-A177-3469530A907B}"
EndProject
Project("{FAE04EC0-301F-11D3-BF4B-00C04F79EFBC}") = "03. Variations without Repetition", "03. Variations without Repetition\03. Variations without Repetition.csproj", "{3D680BCB-4A60-4902-A711-BB9AD28940E8}"
EndProject
Project("{FAE04EC0-301F-11D3-BF4B-00C04F79EFBC}") = "04. Variations with Repetition", "04. Variations with Repetition\04. Variations with Repetition.csproj", "{C1017CF9-5A22-4842-9577-37ABF7E04699}"
EndProject
Global
	GlobalSection(SolutionConfigurationPlatforms) = preSolution
		Debug|Any CPU = Debug|Any CPU
		Release|Any CPU = Release|Any CPU
	EndGlobalSection
	GlobalSection(ProjectConfigurationPlatforms) = postSolution
		{F8C9228E-401E-4534-8126-BEF3F2405A56}.Debug|Any CPU.ActiveCfg = Debug|Any CPU
		{F8C9228E-401E-4534-8126-BEF3F2405A56}.Debug|Any CPU.Build.0 = Debug|Any CPU
		{F8C9228E-401E-4534-8126-BEF3F2405A56}.Release|Any CPU.ActiveCfg = Release|Any CPU
		{F8C9228E-401E-4534-8126-BEF3F2405A56}.Release|Any CPU.Build.0 = Release|Any CPU
		{24259C4A-BC4B-4800-A177-3469530A907B}.Debug|Any CPU.ActiveCfg = Debug|Any CPU
		{24259C4A-BC4B-4800-A177-3469530A907B}.Debug|Any CPU.Build.0 = Debug|Any CPU
		{24259C4A-BC4B-4800-A177-3469530A907B}.Release|Any CPU.ActiveCfg = Release|Any CPU
		{24259C4A-BC4B-4800-A177-3469530A907B}.Release|Any CPU.Build.0 = Release|Any CPU
		{3D680BCB-4A60-4902-A711-BB9AD28940E8}.Debug|Any CPU.ActiveCfg = Debug|Any CPU
		{3D680BCB-4A60-4902-A711-BB9AD28940E8}.Debug|Any CPU.Build.0 = Debug|Any CPU
		{3D680BCB-4A60-4902-A711-BB9AD28940E8}.Release|Any CPU.ActiveCfg = Release|Any CPU
		{3D680BCB-4A60-4902-A711-BB9AD28940E8}.Release|Any CPU.Build.0 = Release|Any CPU
		{C1017CF9-5A22-4842-9577-37ABF7E04699}.Debug|Any CPU.ActiveCfg = Debug|Any CPU
		{C1017CF9-5A22-4842-9577-37ABF7E04699}.Debug|Any CPU.Build.0 = Debug|Any CPU
		{C1017CF9-5A22-4842-9577-37ABF7E04699}.Release|Any CPU.ActiveCfg = Release|Any CPU
		{C1017CF9-5A22-4842-9577-37ABF7E04699}.Release|Any CPU.Build.0 = Release|Any CPU
	EndGlobalSection
	GlobalSection(SolutionProperties) = preSolution
		HideSolutionNode = FALSE
	EndGlobalSection
	GlobalSection(ExtensibilityGlobals) = postSolution
		SolutionGuid = {169A901E-35BB-4F27-AB64-9AFDE5609E5A}
	EndGlobalSection
EndGlobal
