
Microsoft Visual Studio Solution File, Format Version 12.00
# Visual Studio Version 17
VisualStudioVersion = 17.5.33414.496
MinimumVisualStudioVersion = 10.0.40219.1
Project("{FAE04EC0-301F-11D3-BF4B-00C04F79EFBC}") = "01. Fibonacci", "01. Fibonacci\01. Fibonacci.csproj", "{52B59E57-C080-4B5D-A23C-B128B97ABAA0}"
EndProject
Project("{FAE04EC0-301F-11D3-BF4B-00C04F79EFBC}") = "02. Move Down-Right", "02. Move Down-Right\02. Move Down-Right.csproj", "{EAC128DF-5AAF-4252-9F5C-E6D134DB05E7}"
EndProject
Global
	GlobalSection(SolutionConfigurationPlatforms) = preSolution
		Debug|Any CPU = Debug|Any CPU
		Release|Any CPU = Release|Any CPU
	EndGlobalSection
	GlobalSection(ProjectConfigurationPlatforms) = postSolution
		{52B59E57-C080-4B5D-A23C-B128B97ABAA0}.Debug|Any CPU.ActiveCfg = Debug|Any CPU
		{52B59E57-C080-4B5D-A23C-B128B97ABAA0}.Debug|Any CPU.Build.0 = Debug|Any CPU
		{52B59E57-C080-4B5D-A23C-B128B97ABAA0}.Release|Any CPU.ActiveCfg = Release|Any CPU
		{52B59E57-C080-4B5D-A23C-B128B97ABAA0}.Release|Any CPU.Build.0 = Release|Any CPU
		{EAC128DF-5AAF-4252-9F5C-E6D134DB05E7}.Debug|Any CPU.ActiveCfg = Debug|Any CPU
		{EAC128DF-5AAF-4252-9F5C-E6D134DB05E7}.Debug|Any CPU.Build.0 = Debug|Any CPU
		{EAC128DF-5AAF-4252-9F5C-E6D134DB05E7}.Release|Any CPU.ActiveCfg = Release|Any CPU
		{EAC128DF-5AAF-4252-9F5C-E6D134DB05E7}.Release|Any CPU.Build.0 = Release|Any CPU
	EndGlobalSection
	GlobalSection(SolutionProperties) = preSolution
		HideSolutionNode = FALSE
	EndGlobalSection
	GlobalSection(ExtensibilityGlobals) = postSolution
		SolutionGuid = {1E1D0BAA-2F55-4851-97F8-ED48BD48D870}
	EndGlobalSection
EndGlobal
