
Microsoft Visual Studio Solution File, Format Version 12.00
# Visual Studio Version 17
VisualStudioVersion = 17.5.33414.496
MinimumVisualStudioVersion = 10.0.40219.1
Project("{FAE04EC0-301F-11D3-BF4B-00C04F79EFBC}") = "01. Recursive Array Sum", "01. Recursive Array Sum\01. Recursive Array Sum.csproj", "{6FC67491-9259-484F-BD13-C13A0A704B83}"
EndProject
Project("{FAE04EC0-301F-11D3-BF4B-00C04F79EFBC}") = "02.Recursive Drawing", "02.Recursive Drawing\02.Recursive Drawing.csproj", "{3FF23FE0-782C-4678-8258-59E0E19F7246}"
EndProject
Project("{FAE04EC0-301F-11D3-BF4B-00C04F79EFBC}") = "03. Generating 0-1 Vectors", "03. Generating 0-1 Vectors\03. Generating 0-1 Vectors.csproj", "{4E291F35-733D-41B5-B399-3DBD97D074C5}"
EndProject
Project("{FAE04EC0-301F-11D3-BF4B-00C04F79EFBC}") = "04. Recursive Factorial", "04. Recursive Factorial\04. Recursive Factorial.csproj", "{D6BFB31D-D4FD-466C-A177-EC5BDD1E923E}"
EndProject
Global
	GlobalSection(SolutionConfigurationPlatforms) = preSolution
		Debug|Any CPU = Debug|Any CPU
		Release|Any CPU = Release|Any CPU
	EndGlobalSection
	GlobalSection(ProjectConfigurationPlatforms) = postSolution
		{6FC67491-9259-484F-BD13-C13A0A704B83}.Debug|Any CPU.ActiveCfg = Debug|Any CPU
		{6FC67491-9259-484F-BD13-C13A0A704B83}.Debug|Any CPU.Build.0 = Debug|Any CPU
		{6FC67491-9259-484F-BD13-C13A0A704B83}.Release|Any CPU.ActiveCfg = Release|Any CPU
		{6FC67491-9259-484F-BD13-C13A0A704B83}.Release|Any CPU.Build.0 = Release|Any CPU
		{3FF23FE0-782C-4678-8258-59E0E19F7246}.Debug|Any CPU.ActiveCfg = Debug|Any CPU
		{3FF23FE0-782C-4678-8258-59E0E19F7246}.Debug|Any CPU.Build.0 = Debug|Any CPU
		{3FF23FE0-782C-4678-8258-59E0E19F7246}.Release|Any CPU.ActiveCfg = Release|Any CPU
		{3FF23FE0-782C-4678-8258-59E0E19F7246}.Release|Any CPU.Build.0 = Release|Any CPU
		{4E291F35-733D-41B5-B399-3DBD97D074C5}.Debug|Any CPU.ActiveCfg = Debug|Any CPU
		{4E291F35-733D-41B5-B399-3DBD97D074C5}.Debug|Any CPU.Build.0 = Debug|Any CPU
		{4E291F35-733D-41B5-B399-3DBD97D074C5}.Release|Any CPU.ActiveCfg = Release|Any CPU
		{4E291F35-733D-41B5-B399-3DBD97D074C5}.Release|Any CPU.Build.0 = Release|Any CPU
		{D6BFB31D-D4FD-466C-A177-EC5BDD1E923E}.Debug|Any CPU.ActiveCfg = Debug|Any CPU
		{D6BFB31D-D4FD-466C-A177-EC5BDD1E923E}.Debug|Any CPU.Build.0 = Debug|Any CPU
		{D6BFB31D-D4FD-466C-A177-EC5BDD1E923E}.Release|Any CPU.ActiveCfg = Release|Any CPU
		{D6BFB31D-D4FD-466C-A177-EC5BDD1E923E}.Release|Any CPU.Build.0 = Release|Any CPU
	EndGlobalSection
	GlobalSection(SolutionProperties) = preSolution
		HideSolutionNode = FALSE
	EndGlobalSection
	GlobalSection(ExtensibilityGlobals) = postSolution
		SolutionGuid = {2DC49513-C64D-48E5-9867-69B37CBBAD57}
	EndGlobalSection
EndGlobal
