
Microsoft Visual Studio Solution File, Format Version 12.00
# Visual Studio Version 17
VisualStudioVersion = 17.5.33414.496
MinimumVisualStudioVersion = 10.0.40219.1
Project("{FAE04EC0-301F-11D3-BF4B-00C04F79EFBC}") = "01. Connected Components", "01. Connected Components\01. Connected Components.csproj", "{0711FA43-9B68-4FB5-99F3-5BC4F1DB00EE}"
EndProject
Global
	GlobalSection(SolutionConfigurationPlatforms) = preSolution
		Debug|Any CPU = Debug|Any CPU
		Release|Any CPU = Release|Any CPU
	EndGlobalSection
	GlobalSection(ProjectConfigurationPlatforms) = postSolution
		{0711FA43-9B68-4FB5-99F3-5BC4F1DB00EE}.Debug|Any CPU.ActiveCfg = Debug|Any CPU
		{0711FA43-9B68-4FB5-99F3-5BC4F1DB00EE}.Debug|Any CPU.Build.0 = Debug|Any CPU
		{0711FA43-9B68-4FB5-99F3-5BC4F1DB00EE}.Release|Any CPU.ActiveCfg = Release|Any CPU
		{0711FA43-9B68-4FB5-99F3-5BC4F1DB00EE}.Release|Any CPU.Build.0 = Release|Any CPU
	EndGlobalSection
	GlobalSection(SolutionProperties) = preSolution
		HideSolutionNode = FALSE
	EndGlobalSection
	GlobalSection(ExtensibilityGlobals) = postSolution
		SolutionGuid = {6E75B87D-44BB-484B-B6A1-3B9E8903D9B9}
	EndGlobalSection
EndGlobal
